
Microsoft Visual Studio Solution File, Format Version 12.00
# Visual Studio Version 17
VisualStudioVersion = 17.9.34616.47
MinimumVisualStudioVersion = 10.0.40219.1
Project("{FAE04EC0-301F-11D3-BF4B-00C04F79EFBC}") = "52ResistanceCalc", "52ResistanceCalc\52ResistanceCalc.csproj", "{B476A858-E06A-4BE8-9234-6C5D4561D0FE}"
EndProject
Global
	GlobalSection(SolutionConfigurationPlatforms) = preSolution
		Debug|Any CPU = Debug|Any CPU
		Release|Any CPU = Release|Any CPU
	EndGlobalSection
	GlobalSection(ProjectConfigurationPlatforms) = postSolution
		{B476A858-E06A-4BE8-9234-6C5D4561D0FE}.Debug|Any CPU.ActiveCfg = Debug|Any CPU
		{B476A858-E06A-4BE8-9234-6C5D4561D0FE}.Debug|Any CPU.Build.0 = Debug|Any CPU
		{B476A858-E06A-4BE8-9234-6C5D4561D0FE}.Release|Any CPU.ActiveCfg = Release|Any CPU
		{B476A858-E06A-4BE8-9234-6C5D4561D0FE}.Release|Any CPU.Build.0 = Release|Any CPU
	EndGlobalSection
	GlobalSection(SolutionProperties) = preSolution
		HideSolutionNode = FALSE
	EndGlobalSection
	GlobalSection(ExtensibilityGlobals) = postSolution
		SolutionGuid = {39AECFAE-8B55-45BD-A735-E3B5C6C818A4}
	EndGlobalSection
EndGlobal
